
Microsoft Visual Studio Solution File, Format Version 12.00
Project("{FAE04EC0-301F-11D3-BF4B-00C04F79EFBC}") = "ApiDemarco.Test", "ApiDemarco.Test\ApiDemarco.Test.csproj", "{4F9F8766-D6D2-4ADF-9504-19AB76EF8ED4}"
EndProject
Project("{FAE04EC0-301F-11D3-BF4B-00C04F79EFBC}") = "ApiDemarco.Infrastructure", "ApiDemarco.Infrastructure\ApiDemarco.Infrastructure.csproj", "{0D6BF8B2-493D-43F2-8C18-4D04C93E3DBB}"
	ProjectSection(ProjectDependencies) = postProject
		{9BBEB293-A892-4779-8CAF-13DB62E85DFE} = {9BBEB293-A892-4779-8CAF-13DB62E85DFE}
		{A251A31E-02E3-4913-A556-A34C9222CE36} = {A251A31E-02E3-4913-A556-A34C9222CE36}
	EndProjectSection
EndProject
Project("{FAE04EC0-301F-11D3-BF4B-00C04F79EFBC}") = "ApiDemarco.Domain", "ApiDemarco.Domain\ApiDemarco.Domain.csproj", "{9BBEB293-A892-4779-8CAF-13DB62E85DFE}"
EndProject
Project("{FAE04EC0-301F-11D3-BF4B-00C04F79EFBC}") = "ApiDemarco.Application", "ApiDemarco.Application\ApiDemarco.Application.csproj", "{A251A31E-02E3-4913-A556-A34C9222CE36}"
	ProjectSection(ProjectDependencies) = postProject
		{9BBEB293-A892-4779-8CAF-13DB62E85DFE} = {9BBEB293-A892-4779-8CAF-13DB62E85DFE}
	EndProjectSection
EndProject
Project("{FAE04EC0-301F-11D3-BF4B-00C04F79EFBC}") = "ApiDemarco.Api", "ApiDemarco.Api\ApiDemarco.Api.csproj", "{8AA8C34F-43F3-40BC-B660-149DAB0ECF9A}"
	ProjectSection(ProjectDependencies) = postProject
		{0D6BF8B2-493D-43F2-8C18-4D04C93E3DBB} = {0D6BF8B2-493D-43F2-8C18-4D04C93E3DBB}
		{9BBEB293-A892-4779-8CAF-13DB62E85DFE} = {9BBEB293-A892-4779-8CAF-13DB62E85DFE}
		{A251A31E-02E3-4913-A556-A34C9222CE36} = {A251A31E-02E3-4913-A556-A34C9222CE36}
	EndProjectSection
EndProject
Project("{2150E333-8FDC-42A3-9474-1A3956D46DE8}") = "Solution Items", "Solution Items", "{B950ACF0-CED7-4CDD-A4BF-6B051C7BCC67}"
	ProjectSection(SolutionItems) = preProject
		docker-compose.yml = docker-compose.yml
	EndProjectSection
EndProject
Global
	GlobalSection(SolutionConfigurationPlatforms) = preSolution
		Debug|Any CPU = Debug|Any CPU
		Release|Any CPU = Release|Any CPU
	EndGlobalSection
	GlobalSection(ProjectConfigurationPlatforms) = postSolution
		{4F9F8766-D6D2-4ADF-9504-19AB76EF8ED4}.Debug|Any CPU.ActiveCfg = Debug|Any CPU
		{4F9F8766-D6D2-4ADF-9504-19AB76EF8ED4}.Debug|Any CPU.Build.0 = Debug|Any CPU
		{4F9F8766-D6D2-4ADF-9504-19AB76EF8ED4}.Release|Any CPU.ActiveCfg = Release|Any CPU
		{4F9F8766-D6D2-4ADF-9504-19AB76EF8ED4}.Release|Any CPU.Build.0 = Release|Any CPU
		{0D6BF8B2-493D-43F2-8C18-4D04C93E3DBB}.Debug|Any CPU.ActiveCfg = Debug|Any CPU
		{0D6BF8B2-493D-43F2-8C18-4D04C93E3DBB}.Debug|Any CPU.Build.0 = Debug|Any CPU
		{0D6BF8B2-493D-43F2-8C18-4D04C93E3DBB}.Release|Any CPU.ActiveCfg = Release|Any CPU
		{0D6BF8B2-493D-43F2-8C18-4D04C93E3DBB}.Release|Any CPU.Build.0 = Release|Any CPU
		{9BBEB293-A892-4779-8CAF-13DB62E85DFE}.Debug|Any CPU.ActiveCfg = Debug|Any CPU
		{9BBEB293-A892-4779-8CAF-13DB62E85DFE}.Debug|Any CPU.Build.0 = Debug|Any CPU
		{9BBEB293-A892-4779-8CAF-13DB62E85DFE}.Release|Any CPU.ActiveCfg = Release|Any CPU
		{9BBEB293-A892-4779-8CAF-13DB62E85DFE}.Release|Any CPU.Build.0 = Release|Any CPU
		{A251A31E-02E3-4913-A556-A34C9222CE36}.Debug|Any CPU.ActiveCfg = Debug|Any CPU
		{A251A31E-02E3-4913-A556-A34C9222CE36}.Debug|Any CPU.Build.0 = Debug|Any CPU
		{A251A31E-02E3-4913-A556-A34C9222CE36}.Release|Any CPU.ActiveCfg = Release|Any CPU
		{A251A31E-02E3-4913-A556-A34C9222CE36}.Release|Any CPU.Build.0 = Release|Any CPU
		{8AA8C34F-43F3-40BC-B660-149DAB0ECF9A}.Debug|Any CPU.ActiveCfg = Debug|Any CPU
		{8AA8C34F-43F3-40BC-B660-149DAB0ECF9A}.Debug|Any CPU.Build.0 = Debug|Any CPU
		{8AA8C34F-43F3-40BC-B660-149DAB0ECF9A}.Release|Any CPU.ActiveCfg = Release|Any CPU
		{8AA8C34F-43F3-40BC-B660-149DAB0ECF9A}.Release|Any CPU.Build.0 = Release|Any CPU
	EndGlobalSection
EndGlobal
